// !$*UTF8*$!
{
	archiveVersion = 1;
	classes = {
	};
	objectVersion = 46;
	objects = {

/* Begin PBXBuildFile section */
		84048D501BDC0AFD002A4F88 /* AppDelegate.swift in Sources */ = {isa = PBXBuildFile; fileRef = 84048D4F1BDC0AFD002A4F88 /* AppDelegate.swift */; };
		84048D551BDC0AFD002A4F88 /* Main.storyboard in Resources */ = {isa = PBXBuildFile; fileRef = 84048D531BDC0AFD002A4F88 /* Main.storyboard */; };
		84048D571BDC0AFD002A4F88 /* Assets.xcassets in Resources */ = {isa = PBXBuildFile; fileRef = 84048D561BDC0AFD002A4F88 /* Assets.xcassets */; };
		84048D5A1BDC0AFD002A4F88 /* LaunchScreen.storyboard in Resources */ = {isa = PBXBuildFile; fileRef = 84048D581BDC0AFD002A4F88 /* LaunchScreen.storyboard */; };
		84048D621BDC0C12002A4F88 /* GHUTableViewController.swift in Sources */ = {isa = PBXBuildFile; fileRef = 84048D611BDC0C12002A4F88 /* GHUTableViewController.swift */; };
		84048D641BDC0C4E002A4F88 /* GHUUserCell.swift in Sources */ = {isa = PBXBuildFile; fileRef = 84048D631BDC0C4E002A4F88 /* GHUUserCell.swift */; };
		84048D671BDC1349002A4F88 /* GHUUserModel.swift in Sources */ = {isa = PBXBuildFile; fileRef = 84048D661BDC1349002A4F88 /* GHUUserModel.swift */; };
		84048D691BDC13B8002A4F88 /* GHUUsersLoader.swift in Sources */ = {isa = PBXBuildFile; fileRef = 84048D681BDC13B8002A4F88 /* GHUUsersLoader.swift */; };
		84048D6B1BDC2F4A002A4F88 /* GHUUserCellDelegate.swift in Sources */ = {isa = PBXBuildFile; fileRef = 84048D6A1BDC2F4A002A4F88 /* GHUUserCellDelegate.swift */; };
		D00F4C014D207E7C09B870E7 /* Pods_GitHubUsers.framework in Frameworks */ = {isa = PBXBuildFile; fileRef = 54BD053262F367199FD0976E /* Pods_GitHubUsers.framework */; settings = {ATTRIBUTES = (Weak, ); }; };
/* End PBXBuildFile section */

/* Begin PBXFileReference section */
		40077225B16AA9E123B04208 /* Pods-GitHubUsers.debug.xcconfig */ = {isa = PBXFileReference; includeInIndex = 1; lastKnownFileType = text.xcconfig; name = "Pods-GitHubUsers.debug.xcconfig"; path = "Pods/Target Support Files/Pods-GitHubUsers/Pods-GitHubUsers.debug.xcconfig"; sourceTree = "<group>"; };
		54BD053262F367199FD0976E /* Pods_GitHubUsers.framework */ = {isa = PBXFileReference; explicitFileType = wrapper.framework; includeInIndex = 0; path = Pods_GitHubUsers.framework; sourceTree = BUILT_PRODUCTS_DIR; };
		84048D4C1BDC0AFD002A4F88 /* GitHubUsers.app */ = {isa = PBXFileReference; explicitFileType = wrapper.application; includeInIndex = 0; path = GitHubUsers.app; sourceTree = BUILT_PRODUCTS_DIR; };
		84048D4F1BDC0AFD002A4F88 /* AppDelegate.swift */ = {isa = PBXFileReference; lastKnownFileType = sourcecode.swift; path = AppDelegate.swift; sourceTree = "<group>"; };
		84048D541BDC0AFD002A4F88 /* Base */ = {isa = PBXFileReference; lastKnownFileType = file.storyboard; name = Base; path = Base.lproj/Main.storyboard; sourceTree = "<group>"; };
		84048D561BDC0AFD002A4F88 /* Assets.xcassets */ = {isa = PBXFileReference; lastKnownFileType = folder.assetcatalog; path = Assets.xcassets; sourceTree = "<group>"; };
		84048D591BDC0AFD002A4F88 /* Base */ = {isa = PBXFileReference; lastKnownFileType = file.storyboard; name = Base; path = Base.lproj/LaunchScreen.storyboard; sourceTree = "<group>"; };
		84048D5B1BDC0AFD002A4F88 /* Info.plist */ = {isa = PBXFileReference; lastKnownFileType = text.plist.xml; path = Info.plist; sourceTree = "<group>"; };
		84048D611BDC0C12002A4F88 /* GHUTableViewController.swift */ = {isa = PBXFileReference; fileEncoding = 4; lastKnownFileType = sourcecode.swift; path = GHUTableViewController.swift; sourceTree = "<group>"; };
		84048D631BDC0C4E002A4F88 /* GHUUserCell.swift */ = {isa = PBXFileReference; fileEncoding = 4; lastKnownFileType = sourcecode.swift; path = GHUUserCell.swift; sourceTree = "<group>"; };
		84048D661BDC1349002A4F88 /* GHUUserModel.swift */ = {isa = PBXFileReference; fileEncoding = 4; lastKnownFileType = sourcecode.swift; path = GHUUserModel.swift; sourceTree = "<group>"; };
		84048D681BDC13B8002A4F88 /* GHUUsersLoader.swift */ = {isa = PBXFileReference; fileEncoding = 4; lastKnownFileType = sourcecode.swift; path = GHUUsersLoader.swift; sourceTree = "<group>"; };
		84048D6A1BDC2F4A002A4F88 /* GHUUserCellDelegate.swift */ = {isa = PBXFileReference; fileEncoding = 4; lastKnownFileType = sourcecode.swift; path = GHUUserCellDelegate.swift; sourceTree = "<group>"; };
		FB98474FBC03CFE2823A6EF8 /* Pods-GitHubUsers.release.xcconfig */ = {isa = PBXFileReference; includeInIndex = 1; lastKnownFileType = text.xcconfig; name = "Pods-GitHubUsers.release.xcconfig"; path = "Pods/Target Support Files/Pods-GitHubUsers/Pods-GitHubUsers.release.xcconfig"; sourceTree = "<group>"; };
/* End PBXFileReference section */

/* Begin PBXFrameworksBuildPhase section */
		84048D491BDC0AFD002A4F88 /* Frameworks */ = {
			isa = PBXFrameworksBuildPhase;
			buildActionMask = 2147483647;
			files = (
				D00F4C014D207E7C09B870E7 /* Pods_GitHubUsers.framework in Frameworks */,
			);
			runOnlyForDeploymentPostprocessing = 0;
		};
/* End PBXFrameworksBuildPhase section */

/* Begin PBXGroup section */
		0338AC8C72E1BCF0D1DA77F9 /* Pods */ = {
			isa = PBXGroup;
			children = (
				40077225B16AA9E123B04208 /* Pods-GitHubUsers.debug.xcconfig */,
				FB98474FBC03CFE2823A6EF8 /* Pods-GitHubUsers.release.xcconfig */,
			);
			name = Pods;
			sourceTree = "<group>";
		};
		84048D431BDC0AFC002A4F88 = {
			isa = PBXGroup;
			children = (
				84048D4E1BDC0AFD002A4F88 /* GitHubUsers */,
				84048D4D1BDC0AFD002A4F88 /* Products */,
				0338AC8C72E1BCF0D1DA77F9 /* Pods */,
				8C310C7A8B17497EB3568CD2 /* Frameworks */,
			);
			sourceTree = "<group>";
		};
		84048D4D1BDC0AFD002A4F88 /* Products */ = {
			isa = PBXGroup;
			children = (
				84048D4C1BDC0AFD002A4F88 /* GitHubUsers.app */,
			);
			name = Products;
			sourceTree = "<group>";
		};
		84048D4E1BDC0AFD002A4F88 /* GitHubUsers */ = {
			isa = PBXGroup;
			children = (
				84048D651BDC131E002A4F88 /* DataEngine */,
				84048D4F1BDC0AFD002A4F88 /* AppDelegate.swift */,
				84048D611BDC0C12002A4F88 /* GHUTableViewController.swift */,
				84048D631BDC0C4E002A4F88 /* GHUUserCell.swift */,
				84048D6A1BDC2F4A002A4F88 /* GHUUserCellDelegate.swift */,
				84048D531BDC0AFD002A4F88 /* Main.storyboard */,
				84048D561BDC0AFD002A4F88 /* Assets.xcassets */,
				84048D581BDC0AFD002A4F88 /* LaunchScreen.storyboard */,
				84048D5B1BDC0AFD002A4F88 /* Info.plist */,
			);
			path = GitHubUsers;
			sourceTree = "<group>";
		};
		84048D651BDC131E002A4F88 /* DataEngine */ = {
			isa = PBXGroup;
			children = (
				84048D661BDC1349002A4F88 /* GHUUserModel.swift */,
				84048D681BDC13B8002A4F88 /* GHUUsersLoader.swift */,
			);
			path = DataEngine;
			sourceTree = "<group>";
		};
		8C310C7A8B17497EB3568CD2 /* Frameworks */ = {
			isa = PBXGroup;
			children = (
				54BD053262F367199FD0976E /* Pods_GitHubUsers.framework */,
			);
			name = Frameworks;
			sourceTree = "<group>";
		};
/* End PBXGroup section */

/* Begin PBXNativeTarget section */
		84048D4B1BDC0AFD002A4F88 /* GitHubUsers */ = {
			isa = PBXNativeTarget;
			buildConfigurationList = 84048D5E1BDC0AFD002A4F88 /* Build configuration list for PBXNativeTarget "GitHubUsers" */;
			buildPhases = (
				A8A2392949D2B6B6638A0EA0 /* Check Pods Manifest.lock */,
				84048D481BDC0AFD002A4F88 /* Sources */,
				84048D491BDC0AFD002A4F88 /* Frameworks */,
				84048D4A1BDC0AFD002A4F88 /* Resources */,
				E69DF8B7A7ECB277FA799144 /* Embed Pods Frameworks */,
				98344420C280E83A1B29AB8C /* Copy Pods Resources */,
			);
			buildRules = (
			);
			dependencies = (
			);
			name = GitHubUsers;
			productName = GitHubUsers;
			productReference = 84048D4C1BDC0AFD002A4F88 /* GitHubUsers.app */;
			productType = "com.apple.product-type.application";
		};
/* End PBXNativeTarget section */

/* Begin PBXProject section */
		84048D441BDC0AFC002A4F88 /* Project object */ = {
			isa = PBXProject;
			attributes = {
				LastSwiftUpdateCheck = 0710;
				LastUpgradeCheck = 0710;
				ORGANIZATIONNAME = Shieghtun;
				TargetAttributes = {
					84048D4B1BDC0AFD002A4F88 = {
						CreatedOnToolsVersion = 7.1;
					};
				};
			};
			buildConfigurationList = 84048D471BDC0AFC002A4F88 /* Build configuration list for PBXProject "GitHubUsers" */;
			compatibilityVersion = "Xcode 3.2";
			developmentRegion = English;
			hasScannedForEncodings = 0;
			knownRegions = (
				en,
				Base,
			);
			mainGroup = 84048D431BDC0AFC002A4F88;
			productRefGroup = 84048D4D1BDC0AFD002A4F88 /* Products */;
			projectDirPath = "";
			projectRoot = "";
			targets = (
				84048D4B1BDC0AFD002A4F88 /* GitHubUsers */,
			);
		};
/* End PBXProject section */

/* Begin PBXResourcesBuildPhase section */
		84048D4A1BDC0AFD002A4F88 /* Resources */ = {
			isa = PBXResourcesBuildPhase;
			buildActionMask = 2147483647;
			files = (
				84048D5A1BDC0AFD002A4F88 /* LaunchScreen.storyboard in Resources */,
				84048D571BDC0AFD002A4F88 /* Assets.xcassets in Resources */,
				84048D551BDC0AFD002A4F88 /* Main.storyboard in Resources */,
			);
			runOnlyForDeploymentPostprocessing = 0;
		};
/* End PBXResourcesBuildPhase section */

/* Begin PBXShellScriptBuildPhase section */
		98344420C280E83A1B29AB8C /* Copy Pods Resources */ = {
			isa = PBXShellScriptBuildPhase;
			buildActionMask = 2147483647;
			files = (
			);
			inputPaths = (
			);
			name = "Copy Pods Resources";
			outputPaths = (
			);
			runOnlyForDeploymentPostprocessing = 0;
			shellPath = /bin/sh;
			shellScript = "\"${SRCROOT}/Pods/Target Support Files/Pods-GitHubUsers/Pods-GitHubUsers-resources.sh\"\n";
			showEnvVarsInLog = 0;
		};
		A8A2392949D2B6B6638A0EA0 /* Check Pods Manifest.lock */ = {
			isa = PBXShellScriptBuildPhase;
			buildActionMask = 2147483647;
			files = (
			);
			inputPaths = (
			);
			name = "Check Pods Manifest.lock";
			outputPaths = (
			);
			runOnlyForDeploymentPostprocessing = 0;
			shellPath = /bin/sh;
			shellScript = "diff \"${PODS_ROOT}/../Podfile.lock\" \"${PODS_ROOT}/Manifest.lock\" > /dev/null\nif [[ $? != 0 ]] ; then\n    cat << EOM\nerror: The sandbox is not in sync with the Podfile.lock. Run 'pod install' or update your CocoaPods installation.\nEOM\n    exit 1\nfi\n";
			showEnvVarsInLog = 0;
		};
		E69DF8B7A7ECB277FA799144 /* Embed Pods Frameworks */ = {
			isa = PBXShellScriptBuildPhase;
			buildActionMask = 2147483647;
			files = (
			);
			inputPaths = (
			);
			name = "Embed Pods Frameworks";
			outputPaths = (
			);
			runOnlyForDeploymentPostprocessing = 0;
			shellPath = /bin/sh;
			shellScript = "\"${SRCROOT}/Pods/Target Support Files/Pods-GitHubUsers/Pods-GitHubUsers-frameworks.sh\"\n";
			showEnvVarsInLog = 0;
		};
/* End PBXShellScriptBuildPhase section */

/* Begin PBXSourcesBuildPhase section */
		84048D481BDC0AFD002A4F88 /* Sources */ = {
			isa = PBXSourcesBuildPhase;
			buildActionMask = 2147483647;
			files = (
				84048D691BDC13B8002A4F88 /* GHUUsersLoader.swift in Sources */,
				84048D501BDC0AFD002A4F88 /* AppDelegate.swift in Sources */,
				84048D6B1BDC2F4A002A4F88 /* GHUUserCellDelegate.swift in Sources */,
				84048D671BDC1349002A4F88 /* GHUUserModel.swift in Sources */,
				84048D621BDC0C12002A4F88 /* GHUTableViewController.swift in Sources */,
				84048D641BDC0C4E002A4F88 /* GHUUserCell.swift in Sources */,
			);
			runOnlyForDeploymentPostprocessing = 0;
		};
/* End PBXSourcesBuildPhase section */

/* Begin PBXVariantGroup section */
		84048D531BDC0AFD002A4F88 /* Main.storyboard */ = {
			isa = PBXVariantGroup;
			children = (
				84048D541BDC0AFD002A4F88 /* Base */,
			);
			name = Main.storyboard;
			sourceTree = "<group>";
		};
		84048D581BDC0AFD002A4F88 /* LaunchScreen.storyboard */ = {
			isa = PBXVariantGroup;
			children = (
				84048D591BDC0AFD002A4F88 /* Base */,
			);
			name = LaunchScreen.storyboard;
			sourceTree = "<group>";
		};
/* End PBXVariantGroup section */

/* Begin XCBuildConfiguration section */
		84048D5C1BDC0AFD002A4F88 /* Debug */ = {
			isa = XCBuildConfiguration;
			buildSettings = {
				ALWAYS_SEARCH_USER_PATHS = NO;
				CLANG_CXX_LANGUAGE_STANDARD = "gnu++0x";
				CLANG_CXX_LIBRARY = "libc++";
				CLANG_ENABLE_MODULES = YES;
				CLANG_ENABLE_OBJC_ARC = YES;
				CLANG_WARN_BOOL_CONVERSION = YES;
				CLANG_WARN_CONSTANT_CONVERSION = YES;
				CLANG_WARN_DIRECT_OBJC_ISA_USAGE = YES_ERROR;
				CLANG_WARN_EMPTY_BODY = YES;
				CLANG_WARN_ENUM_CONVERSION = YES;
				CLANG_WARN_INT_CONVERSION = YES;
				CLANG_WARN_OBJC_ROOT_CLASS = YES_ERROR;
				CLANG_WARN_UNREACHABLE_CODE = YES;
				CLANG_WARN__DUPLICATE_METHOD_MATCH = YES;
				"CODE_SIGN_IDENTITY[sdk=iphoneos*]" = "iPhone Developer";
				COPY_PHASE_STRIP = NO;
				DEBUG_INFORMATION_FORMAT = dwarf;
				ENABLE_STRICT_OBJC_MSGSEND = YES;
				ENABLE_TESTABILITY = YES;
				GCC_C_LANGUAGE_STANDARD = gnu99;
				GCC_DYNAMIC_NO_PIC = NO;
				GCC_NO_COMMON_BLOCKS = YES;
				GCC_OPTIMIZATION_LEVEL = 0;
				GCC_PREPROCESSOR_DEFINITIONS = (
					"DEBUG=1",
					"$(inherited)",
				);
				GCC_WARN_64_TO_32_BIT_CONVERSION = YES;
				GCC_WARN_ABOUT_RETURN_TYPE = YES_ERROR;
				GCC_WARN_UNDECLARED_SELECTOR = YES;
				GCC_WARN_UNINITIALIZED_AUTOS = YES_AGGRESSIVE;
				GCC_WARN_UNUSED_FUNCTION = YES;
				GCC_WARN_UNUSED_VARIABLE = YES;
				IPHONEOS_DEPLOYMENT_TARGET = 9.1;
				MTL_ENABLE_DEBUG_INFO = YES;
				ONLY_ACTIVE_ARCH = YES;
				SDKROOT = iphoneos;
				SWIFT_OPTIMIZATION_LEVEL = "-Onone";
				TARGETED_DEVICE_FAMILY = "1,2";
			};
			name = Debug;
		};
		84048D5D1BDC0AFD002A4F88 /* Release */ = {
			isa = XCBuildConfiguration;
			buildSettings = {
				ALWAYS_SEARCH_USER_PATHS = NO;
				CLANG_CXX_LANGUAGE_STANDARD = "gnu++0x";
				CLANG_CXX_LIBRARY = "libc++";
				CLANG_ENABLE_MODULES = YES;
				CLANG_ENABLE_OBJC_ARC = YES;
				CLANG_WARN_BOOL_CONVERSION = YES;
				CLANG_WARN_CONSTANT_CONVERSION = YES;
				CLANG_WARN_DIRECT_OBJC_ISA_USAGE = YES_ERROR;
				CLANG_WARN_EMPTY_BODY = YES;
				CLANG_WARN_ENUM_CONVERSION = YES;
				CLANG_WARN_INT_CONVERSION = YES;
				CLANG_WARN_OBJC_ROOT_CLASS = YES_ERROR;
				CLANG_WARN_UNREACHABLE_CODE = YES;
				CLANG_WARN__DUPLICATE_METHOD_MATCH = YES;
				"CODE_SIGN_IDENTITY[sdk=iphoneos*]" = "iPhone Developer";
				COPY_PHASE_STRIP = NO;
				DEBUG_INFORMATION_FORMAT = "dwarf-with-dsym";
				ENABLE_NS_ASSERTIONS = NO;
				ENABLE_STRICT_OBJC_MSGSEND = YES;
				GCC_C_LANGUAGE_STANDARD = gnu99;
				GCC_NO_COMMON_BLOCKS = YES;
				GCC_WARN_64_TO_32_BIT_CONVERSION = YES;
				GCC_WARN_ABOUT_RETURN_TYPE = YES_ERROR;
				GCC_WARN_UNDECLARED_SELECTOR = YES;
				GCC_WARN_UNINITIALIZED_AUTOS = YES_AGGRESSIVE;
				GCC_WARN_UNUSED_FUNCTION = YES;
				GCC_WARN_UNUSED_VARIABLE = YES;
				IPHONEOS_DEPLOYMENT_TARGET = 9.1;
				MTL_ENABLE_DEBUG_INFO = NO;
				SDKROOT = iphoneos;
				TARGETED_DEVICE_FAMILY = "1,2";
				VALIDATE_PRODUCT = YES;
			};
			name = Release;
		};
		84048D5F1BDC0AFD002A4F88 /* Debug */ = {
			isa = XCBuildConfiguration;
			baseConfigurationReference = 40077225B16AA9E123B04208 /* Pods-GitHubUsers.debug.xcconfig */;
			buildSettings = {
				ASSETCATALOG_COMPILER_APPICON_NAME = AppIcon;
				"CODE_SIGN_IDENTITY[sdk=iphoneos*]" = "";
				INFOPLIST_FILE = GitHubUsers/Info.plist;
				IPHONEOS_DEPLOYMENT_TARGET = 8.0;
				LD_RUNPATH_SEARCH_PATHS = "$(inherited) @executable_path/Frameworks";
				PRODUCT_BUNDLE_IDENTIFIER = com.shieghtun.GitHubUsers;
				PRODUCT_NAME = "$(TARGET_NAME)";
				PROVISIONING_PROFILE = "a1455c0d-4f89-4906-8707-ee6f2954227d";
			};
			name = Debug;
		};
		84048D601BDC0AFD002A4F88 /* Release */ = {
			isa = XCBuildConfiguration;
			baseConfigurationReference = FB98474FBC03CFE2823A6EF8 /* Pods-GitHubUsers.release.xcconfig */;
			buildSettings = {
				ASSETCATALOG_COMPILER_APPICON_NAME = AppIcon;
				"CODE_SIGN_IDENTITY[sdk=iphoneos*]" = "";
				INFOPLIST_FILE = GitHubUsers/Info.plist;
				IPHONEOS_DEPLOYMENT_TARGET = 8.0;
				LD_RUNPATH_SEARCH_PATHS = "$(inherited) @executable_path/Frameworks";
				PRODUCT_BUNDLE_IDENTIFIER = com.shieghtun.GitHubUsers;
				PRODUCT_NAME = "$(TARGET_NAME)";
				PROVISIONING_PROFILE = "a1455c0d-4f89-4906-8707-ee6f2954227d";
			};
			name = Release;
		};
/* End XCBuildConfiguration section */

/* Begin XCConfigurationList section */
		84048D471BDC0AFC002A4F88 /* Build configuration list for PBXProject "GitHubUsers" */ = {
			isa = XCConfigurationList;
			buildConfigurations = (
				84048D5C1BDC0AFD002A4F88 /* Debug */,
				84048D5D1BDC0AFD002A4F88 /* Release */,
			);
			defaultConfigurationIsVisible = 0;
			defaultConfigurationName = Release;
		};
		84048D5E1BDC0AFD002A4F88 /* Build configuration list for PBXNativeTarget "GitHubUsers" */ = {
			isa = XCConfigurationList;
			buildConfigurations = (
				84048D5F1BDC0AFD002A4F88 /* Debug */,
				84048D601BDC0AFD002A4F88 /* Release */,
			);
			defaultConfigurationIsVisible = 0;
			defaultConfigurationName = Release;
		};
/* End XCConfigurationList section */
	};
	rootObject = 84048D441BDC0AFC002A4F88 /* Project object */;
}
